
Microsoft Visual Studio Solution File, Format Version 12.00
# Visual Studio Version 17
VisualStudioVersion = 17.13.35825.156 d17.13
MinimumVisualStudioVersion = 10.0.40219.1
Project("{FAE04EC0-301F-11D3-BF4B-00C04F79EFBC}") = "1.Linq", "1.Linq\1.Linq.csproj", "{F41E4D5D-E0B5-4467-9B9E-C96FD45BD4CD}"
EndProject
Global
	GlobalSection(SolutionConfigurationPlatforms) = preSolution
		Debug|Any CPU = Debug|Any CPU
		Release|Any CPU = Release|Any CPU
	EndGlobalSection
	GlobalSection(ProjectConfigurationPlatforms) = postSolution
		{F41E4D5D-E0B5-4467-9B9E-C96FD45BD4CD}.Debug|Any CPU.ActiveCfg = Debug|Any CPU
		{F41E4D5D-E0B5-4467-9B9E-C96FD45BD4CD}.Debug|Any CPU.Build.0 = Debug|Any CPU
		{F41E4D5D-E0B5-4467-9B9E-C96FD45BD4CD}.Release|Any CPU.ActiveCfg = Release|Any CPU
		{F41E4D5D-E0B5-4467-9B9E-C96FD45BD4CD}.Release|Any CPU.Build.0 = Release|Any CPU
	EndGlobalSection
	GlobalSection(SolutionProperties) = preSolution
		HideSolutionNode = FALSE
	EndGlobalSection
	GlobalSection(ExtensibilityGlobals) = postSolution
		SolutionGuid = {4E0AF2BD-083D-485C-9762-A4281CC449CB}
	EndGlobalSection
EndGlobal
